
Microsoft Visual Studio Solution File, Format Version 12.00
# Visual Studio Version 17
VisualStudioVersion = 17.5.33424.131
MinimumVisualStudioVersion = 10.0.40219.1
Project("{9A19103F-16F7-4668-BE54-9A1E7A4F7556}") = "QuizMaster.Library.Common", "QuizMaster.Library.Common\QuizMaster.Library.Common.csproj", "{88303A93-43A8-4EFA-B9E6-56F674F9E6EC}"
EndProject
Project("{9A19103F-16F7-4668-BE54-9A1E7A4F7556}") = "QuizMaster.API.Account", "QuizMaster.API.Account\QuizMaster.API.Account.csproj", "{9D0A1BA3-A9B4-4EBB-9204-8C8C7B14CE0A}"
EndProject
Project("{9A19103F-16F7-4668-BE54-9A1E7A4F7556}") = "QuizMaster.API.Authentication", "QuizMaster.API.Authentication\QuizMaster.API.Authentication.csproj", "{5871ADDE-DFE1-46A4-9C74-0026222C979A}"
EndProject
Project("{9A19103F-16F7-4668-BE54-9A1E7A4F7556}") = "QuizMaster.API.Quiz", "QuizMaster.API.Quiz\QuizMaster.API.Quiz.csproj", "{45C5C098-4225-491A-BEF1-808969C20485}"
EndProject
Project("{9A19103F-16F7-4668-BE54-9A1E7A4F7556}") = "QuizMaster.API.QuizSession", "QuizMaster.API.QuizSession\QuizMaster.API.QuizSession.csproj", "{5E7EA7A4-0B6C-48E6-8474-F1B63B831545}"
EndProject
Project("{9A19103F-16F7-4668-BE54-9A1E7A4F7556}") = "QuizMaster.API.Media", "QuizMaster.API.Media\QuizMaster.API.Media.csproj", "{8D341725-2487-4E8E-8828-A3E07A6D8189}"
EndProject
Project("{9A19103F-16F7-4668-BE54-9A1E7A4F7556}") = "QuizMaster.API.Monitoring", "QuizMaster.API.Monitoring\QuizMaster.API.Monitoring.csproj", "{B189026F-6EF7-4C37-8E27-988B6DB01DBC}"
EndProject
Project("{9A19103F-16F7-4668-BE54-9A1E7A4F7556}") = "QuizMaster.API.Gateway", "QuizMaster.API.Gatewway\QuizMaster.API.Gateway.csproj", "{09717763-7E2C-44A9-ACE7-48DDAE0FE8A4}"
EndProject
Project("{9A19103F-16F7-4668-BE54-9A1E7A4F7556}") = "QuizMaster.API.Quiz.Tests", "QuizMaster.API.Quiz.Tests\QuizMaster.API.Quiz.Tests.csproj", "{0AA383E1-73A0-450A-BF54-769CFDC99E52}"
EndProject
Global
	GlobalSection(SolutionConfigurationPlatforms) = preSolution
		Debug|Any CPU = Debug|Any CPU
		Release|Any CPU = Release|Any CPU
	EndGlobalSection
	GlobalSection(ProjectConfigurationPlatforms) = postSolution
		{88303A93-43A8-4EFA-B9E6-56F674F9E6EC}.Debug|Any CPU.ActiveCfg = Debug|Any CPU
		{88303A93-43A8-4EFA-B9E6-56F674F9E6EC}.Debug|Any CPU.Build.0 = Debug|Any CPU
		{88303A93-43A8-4EFA-B9E6-56F674F9E6EC}.Release|Any CPU.ActiveCfg = Release|Any CPU
		{88303A93-43A8-4EFA-B9E6-56F674F9E6EC}.Release|Any CPU.Build.0 = Release|Any CPU
		{9D0A1BA3-A9B4-4EBB-9204-8C8C7B14CE0A}.Debug|Any CPU.ActiveCfg = Debug|Any CPU
		{9D0A1BA3-A9B4-4EBB-9204-8C8C7B14CE0A}.Debug|Any CPU.Build.0 = Debug|Any CPU
		{9D0A1BA3-A9B4-4EBB-9204-8C8C7B14CE0A}.Release|Any CPU.ActiveCfg = Release|Any CPU
		{9D0A1BA3-A9B4-4EBB-9204-8C8C7B14CE0A}.Release|Any CPU.Build.0 = Release|Any CPU
		{5871ADDE-DFE1-46A4-9C74-0026222C979A}.Debug|Any CPU.ActiveCfg = Debug|Any CPU
		{5871ADDE-DFE1-46A4-9C74-0026222C979A}.Debug|Any CPU.Build.0 = Debug|Any CPU
		{5871ADDE-DFE1-46A4-9C74-0026222C979A}.Release|Any CPU.ActiveCfg = Release|Any CPU
		{5871ADDE-DFE1-46A4-9C74-0026222C979A}.Release|Any CPU.Build.0 = Release|Any CPU
		{45C5C098-4225-491A-BEF1-808969C20485}.Debug|Any CPU.ActiveCfg = Debug|Any CPU
		{45C5C098-4225-491A-BEF1-808969C20485}.Debug|Any CPU.Build.0 = Debug|Any CPU
		{45C5C098-4225-491A-BEF1-808969C20485}.Release|Any CPU.ActiveCfg = Release|Any CPU
		{45C5C098-4225-491A-BEF1-808969C20485}.Release|Any CPU.Build.0 = Release|Any CPU
		{5E7EA7A4-0B6C-48E6-8474-F1B63B831545}.Debug|Any CPU.ActiveCfg = Debug|Any CPU
		{5E7EA7A4-0B6C-48E6-8474-F1B63B831545}.Debug|Any CPU.Build.0 = Debug|Any CPU
		{5E7EA7A4-0B6C-48E6-8474-F1B63B831545}.Release|Any CPU.ActiveCfg = Release|Any CPU
		{5E7EA7A4-0B6C-48E6-8474-F1B63B831545}.Release|Any CPU.Build.0 = Release|Any CPU
		{8D341725-2487-4E8E-8828-A3E07A6D8189}.Debug|Any CPU.ActiveCfg = Debug|Any CPU
		{8D341725-2487-4E8E-8828-A3E07A6D8189}.Debug|Any CPU.Build.0 = Debug|Any CPU
		{8D341725-2487-4E8E-8828-A3E07A6D8189}.Release|Any CPU.ActiveCfg = Release|Any CPU
		{8D341725-2487-4E8E-8828-A3E07A6D8189}.Release|Any CPU.Build.0 = Release|Any CPU
		{B189026F-6EF7-4C37-8E27-988B6DB01DBC}.Debug|Any CPU.ActiveCfg = Debug|Any CPU
		{B189026F-6EF7-4C37-8E27-988B6DB01DBC}.Debug|Any CPU.Build.0 = Debug|Any CPU
		{B189026F-6EF7-4C37-8E27-988B6DB01DBC}.Release|Any CPU.ActiveCfg = Release|Any CPU
		{B189026F-6EF7-4C37-8E27-988B6DB01DBC}.Release|Any CPU.Build.0 = Release|Any CPU
		{09717763-7E2C-44A9-ACE7-48DDAE0FE8A4}.Debug|Any CPU.ActiveCfg = Debug|Any CPU
		{09717763-7E2C-44A9-ACE7-48DDAE0FE8A4}.Debug|Any CPU.Build.0 = Debug|Any CPU
		{09717763-7E2C-44A9-ACE7-48DDAE0FE8A4}.Release|Any CPU.ActiveCfg = Release|Any CPU
		{09717763-7E2C-44A9-ACE7-48DDAE0FE8A4}.Release|Any CPU.Build.0 = Release|Any CPU
		{0AA383E1-73A0-450A-BF54-769CFDC99E52}.Debug|Any CPU.ActiveCfg = Debug|Any CPU
		{0AA383E1-73A0-450A-BF54-769CFDC99E52}.Debug|Any CPU.Build.0 = Debug|Any CPU
		{0AA383E1-73A0-450A-BF54-769CFDC99E52}.Release|Any CPU.ActiveCfg = Release|Any CPU
		{0AA383E1-73A0-450A-BF54-769CFDC99E52}.Release|Any CPU.Build.0 = Release|Any CPU
	EndGlobalSection
	GlobalSection(SolutionProperties) = preSolution
		HideSolutionNode = FALSE
	EndGlobalSection
	GlobalSection(ExtensibilityGlobals) = postSolution
		SolutionGuid = {954A09A3-DA0A-4110-89A6-1467BA18EAE8}
	EndGlobalSection
EndGlobal
