
Microsoft Visual Studio Solution File, Format Version 12.00
# Visual Studio Version 17
VisualStudioVersion = 17.6.33815.320
MinimumVisualStudioVersion = 10.0.40219.1
Project("{9A19103F-16F7-4668-BE54-9A1E7A4F7556}") = "QuizMaster.Account.API", "QuizMaster.Account.API.csproj", "{215F2BE5-7B6F-4723-BAF5-3065AE43CCC6}"
EndProject
Project("{FAE04EC0-301F-11D3-BF4B-00C04F79EFBC}") = "QuizMaster.Common.Library", "..\QuizMaster.Common.Library\QuizMaster.Common.Library.csproj", "{59B8AC34-254F-44C4-A64B-55D543F758C9}"
EndProject
Global
	GlobalSection(SolutionConfigurationPlatforms) = preSolution
		Debug|Any CPU = Debug|Any CPU
		Release|Any CPU = Release|Any CPU
	EndGlobalSection
	GlobalSection(ProjectConfigurationPlatforms) = postSolution
		{215F2BE5-7B6F-4723-BAF5-3065AE43CCC6}.Debug|Any CPU.ActiveCfg = Debug|Any CPU
		{215F2BE5-7B6F-4723-BAF5-3065AE43CCC6}.Debug|Any CPU.Build.0 = Debug|Any CPU
		{215F2BE5-7B6F-4723-BAF5-3065AE43CCC6}.Release|Any CPU.ActiveCfg = Release|Any CPU
		{215F2BE5-7B6F-4723-BAF5-3065AE43CCC6}.Release|Any CPU.Build.0 = Release|Any CPU
		{59B8AC34-254F-44C4-A64B-55D543F758C9}.Debug|Any CPU.ActiveCfg = Debug|Any CPU
		{59B8AC34-254F-44C4-A64B-55D543F758C9}.Debug|Any CPU.Build.0 = Debug|Any CPU
		{59B8AC34-254F-44C4-A64B-55D543F758C9}.Release|Any CPU.ActiveCfg = Release|Any CPU
		{59B8AC34-254F-44C4-A64B-55D543F758C9}.Release|Any CPU.Build.0 = Release|Any CPU
	EndGlobalSection
	GlobalSection(SolutionProperties) = preSolution
		HideSolutionNode = FALSE
	EndGlobalSection
	GlobalSection(ExtensibilityGlobals) = postSolution
		SolutionGuid = {04F351FE-BC03-4A7A-96B0-080F79A09E65}
	EndGlobalSection
EndGlobal
